// !$*UTF8*$!
{
	archiveVersion = 1;
	classes = {
	};
	objectVersion = 50;
	objects = {

/* Begin PBXBuildFile section */
		95C2B4D7236C4E020069864E /* AppDelegate.swift in Sources */ = {isa = PBXBuildFile; fileRef = 95C2B4D6236C4E020069864E /* AppDelegate.swift */; };
		95C2B4D9236C4E020069864E /* SceneDelegate.swift in Sources */ = {isa = PBXBuildFile; fileRef = 95C2B4D8236C4E020069864E /* SceneDelegate.swift */; };
		95C2B4DB236C4E020069864E /* ContentView.swift in Sources */ = {isa = PBXBuildFile; fileRef = 95C2B4DA236C4E020069864E /* ContentView.swift */; };
		95C2B4DD236C4E030069864E /* Assets.xcassets in Resources */ = {isa = PBXBuildFile; fileRef = 95C2B4DC236C4E030069864E /* Assets.xcassets */; };
		95C2B4E0236C4E030069864E /* Preview Assets.xcassets in Resources */ = {isa = PBXBuildFile; fileRef = 95C2B4DF236C4E030069864E /* Preview Assets.xcassets */; };
		95C2B4E3236C4E030069864E /* LaunchScreen.storyboard in Resources */ = {isa = PBXBuildFile; fileRef = 95C2B4E1236C4E030069864E /* LaunchScreen.storyboard */; };
/* End PBXBuildFile section */

/* Begin PBXFileReference section */
		95C2B4D3236C4E020069864E /* WorkingWithHierarchialCodableData.app */ = {isa = PBXFileReference; explicitFileType = wrapper.application; includeInIndex = 0; path = WorkingWithHierarchialCodableData.app; sourceTree = BUILT_PRODUCTS_DIR; };
		95C2B4D6236C4E020069864E /* AppDelegate.swift */ = {isa = PBXFileReference; lastKnownFileType = sourcecode.swift; path = AppDelegate.swift; sourceTree = "<group>"; };
		95C2B4D8236C4E020069864E /* SceneDelegate.swift */ = {isa = PBXFileReference; lastKnownFileType = sourcecode.swift; path = SceneDelegate.swift; sourceTree = "<group>"; };
		95C2B4DA236C4E020069864E /* ContentView.swift */ = {isa = PBXFileReference; lastKnownFileType = sourcecode.swift; path = ContentView.swift; sourceTree = "<group>"; };
		95C2B4DC236C4E030069864E /* Assets.xcassets */ = {isa = PBXFileReference; lastKnownFileType = folder.assetcatalog; path = Assets.xcassets; sourceTree = "<group>"; };
		95C2B4DF236C4E030069864E /* Preview Assets.xcassets */ = {isa = PBXFileReference; lastKnownFileType = folder.assetcatalog; path = "Preview Assets.xcassets"; sourceTree = "<group>"; };
		95C2B4E2236C4E030069864E /* Base */ = {isa = PBXFileReference; lastKnownFileType = file.storyboard; name = Base; path = Base.lproj/LaunchScreen.storyboard; sourceTree = "<group>"; };
		95C2B4E4236C4E030069864E /* Info.plist */ = {isa = PBXFileReference; lastKnownFileType = text.plist.xml; path = Info.plist; sourceTree = "<group>"; };
/* End PBXFileReference section */

/* Begin PBXFrameworksBuildPhase section */
		95C2B4D0236C4E020069864E /* Frameworks */ = {
			isa = PBXFrameworksBuildPhase;
			buildActionMask = 2147483647;
			files = (
			);
			runOnlyForDeploymentPostprocessing = 0;
		};
/* End PBXFrameworksBuildPhase section */

/* Begin PBXGroup section */
		95C2B4CA236C4E020069864E = {
			isa = PBXGroup;
			children = (
				95C2B4D5236C4E020069864E /* WorkingWithHierarchialCodableData */,
				95C2B4D4236C4E020069864E /* Products */,
			);
			sourceTree = "<group>";
		};
		95C2B4D4236C4E020069864E /* Products */ = {
			isa = PBXGroup;
			children = (
				95C2B4D3236C4E020069864E /* WorkingWithHierarchialCodableData.app */,
			);
			name = Products;
			sourceTree = "<group>";
		};
		95C2B4D5236C4E020069864E /* WorkingWithHierarchialCodableData */ = {
			isa = PBXGroup;
			children = (
				95C2B4D6236C4E020069864E /* AppDelegate.swift */,
				95C2B4D8236C4E020069864E /* SceneDelegate.swift */,
				95C2B4DA236C4E020069864E /* ContentView.swift */,
				95C2B4DC236C4E030069864E /* Assets.xcassets */,
				95C2B4E1236C4E030069864E /* LaunchScreen.storyboard */,
				95C2B4E4236C4E030069864E /* Info.plist */,
				95C2B4DE236C4E030069864E /* Preview Content */,
			);
			path = WorkingWithHierarchialCodableData;
			sourceTree = "<group>";
		};
		95C2B4DE236C4E030069864E /* Preview Content */ = {
			isa = PBXGroup;
			children = (
				95C2B4DF236C4E030069864E /* Preview Assets.xcassets */,
			);
			path = "Preview Content";
			sourceTree = "<group>";
		};
/* End PBXGroup section */

/* Begin PBXNativeTarget section */
		95C2B4D2236C4E020069864E /* WorkingWithHierarchialCodableData */ = {
			isa = PBXNativeTarget;
			buildConfigurationList = 95C2B4E7236C4E030069864E /* Build configuration list for PBXNativeTarget "WorkingWithHierarchialCodableData" */;
			buildPhases = (
				95C2B4CF236C4E020069864E /* Sources */,
				95C2B4D0236C4E020069864E /* Frameworks */,
				95C2B4D1236C4E020069864E /* Resources */,
			);
			buildRules = (
			);
			dependencies = (
			);
			name = WorkingWithHierarchialCodableData;
			productName = WorkingWithHierarchialCodableData;
			productReference = 95C2B4D3236C4E020069864E /* WorkingWithHierarchialCodableData.app */;
			productType = "com.apple.product-type.application";
		};
/* End PBXNativeTarget section */

/* Begin PBXProject section */
		95C2B4CB236C4E020069864E /* Project object */ = {
			isa = PBXProject;
			attributes = {
				LastSwiftUpdateCheck = 1110;
				LastUpgradeCheck = 1110;
				ORGANIZATIONNAME = com.ri;
				TargetAttributes = {
					95C2B4D2236C4E020069864E = {
						CreatedOnToolsVersion = 11.1;
					};
				};
			};
			buildConfigurationList = 95C2B4CE236C4E020069864E /* Build configuration list for PBXProject "WorkingWithHierarchialCodableData" */;
			compatibilityVersion = "Xcode 9.3";
			developmentRegion = en;
			hasScannedForEncodings = 0;
			knownRegions = (
				en,
				Base,
			);
			mainGroup = 95C2B4CA236C4E020069864E;
			productRefGroup = 95C2B4D4236C4E020069864E /* Products */;
			projectDirPath = "";
			projectRoot = "";
			targets = (
				95C2B4D2236C4E020069864E /* WorkingWithHierarchialCodableData */,
			);
		};
/* End PBXProject section */

/* Begin PBXResourcesBuildPhase section */
		95C2B4D1236C4E020069864E /* Resources */ = {
			isa = PBXResourcesBuildPhase;
			buildActionMask = 2147483647;
			files = (
				95C2B4E3236C4E030069864E /* LaunchScreen.storyboard in Resources */,
				95C2B4E0236C4E030069864E /* Preview Assets.xcassets in Resources */,
				95C2B4DD236C4E030069864E /* Assets.xcassets in Resources */,
			);
			runOnlyForDeploymentPostprocessing = 0;
		};
/* End PBXResourcesBuildPhase section */

/* Begin PBXSourcesBuildPhase section */
		95C2B4CF236C4E020069864E /* Sources */ = {
			isa = PBXSourcesBuildPhase;
			buildActionMask = 2147483647;
			files = (
				95C2B4D7236C4E020069864E /* AppDelegate.swift in Sources */,
				95C2B4D9236C4E020069864E /* SceneDelegate.swift in Sources */,
				95C2B4DB236C4E020069864E /* ContentView.swift in Sources */,
			);
			runOnlyForDeploymentPostprocessing = 0;
		};
/* End PBXSourcesBuildPhase section */

/* Begin PBXVariantGroup section */
		95C2B4E1236C4E030069864E /* LaunchScreen.storyboard */ = {
			isa = PBXVariantGroup;
			children = (
				95C2B4E2236C4E030069864E /* Base */,
			);
			name = LaunchScreen.storyboard;
			sourceTree = "<group>";
		};
/* End PBXVariantGroup section */

/* Begin XCBuildConfiguration section */
		95C2B4E5236C4E030069864E /* Debug */ = {
			isa = XCBuildConfiguration;
			buildSettings = {
				ALWAYS_SEARCH_USER_PATHS = NO;
				CLANG_ANALYZER_NONNULL = YES;
				CLANG_ANALYZER_NUMBER_OBJECT_CONVERSION = YES_AGGRESSIVE;
				CLANG_CXX_LANGUAGE_STANDARD = "gnu++14";
				CLANG_CXX_LIBRARY = "libc++";
				CLANG_ENABLE_MODULES = YES;
				CLANG_ENABLE_OBJC_ARC = YES;
				CLANG_ENABLE_OBJC_WEAK = YES;
				CLANG_WARN_BLOCK_CAPTURE_AUTORELEASING = YES;
				CLANG_WARN_BOOL_CONVERSION = YES;
				CLANG_WARN_COMMA = YES;
				CLANG_WARN_CONSTANT_CONVERSION = YES;
				CLANG_WARN_DEPRECATED_OBJC_IMPLEMENTATIONS = YES;
				CLANG_WARN_DIRECT_OBJC_ISA_USAGE = YES_ERROR;
				CLANG_WARN_DOCUMENTATION_COMMENTS = YES;
				CLANG_WARN_EMPTY_BODY = YES;
				CLANG_WARN_ENUM_CONVERSION = YES;
				CLANG_WARN_INFINITE_RECURSION = YES;
				CLANG_WARN_INT_CONVERSION = YES;
				CLANG_WARN_NON_LITERAL_NULL_CONVERSION = YES;
				CLANG_WARN_OBJC_IMPLICIT_RETAIN_SELF = YES;
				CLANG_WARN_OBJC_LITERAL_CONVERSION = YES;
				CLANG_WARN_OBJC_ROOT_CLASS = YES_ERROR;
				CLANG_WARN_RANGE_LOOP_ANALYSIS = YES;
				CLANG_WARN_STRICT_PROTOTYPES = YES;
				CLANG_WARN_SUSPICIOUS_MOVE = YES;
				CLANG_WARN_UNGUARDED_AVAILABILITY = YES_AGGRESSIVE;
				CLANG_WARN_UNREACHABLE_CODE = YES;
				CLANG_WARN__DUPLICATE_METHOD_MATCH = YES;
				COPY_PHASE_STRIP = NO;
				DEBUG_INFORMATION_FORMAT = dwarf;
				ENABLE_STRICT_OBJC_MSGSEND = YES;
				ENABLE_TESTABILITY = YES;
				GCC_C_LANGUAGE_STANDARD = gnu11;
				GCC_DYNAMIC_NO_PIC = NO;
				GCC_NO_COMMON_BLOCKS = YES;
				GCC_OPTIMIZATION_LEVEL = 0;
				GCC_PREPROCESSOR_DEFINITIONS = (
					"DEBUG=1",
					"$(inherited)",
				);
				GCC_WARN_64_TO_32_BIT_CONVERSION = YES;
				GCC_WARN_ABOUT_RETURN_TYPE = YES_ERROR;
				GCC_WARN_UNDECLARED_SELECTOR = YES;
				GCC_WARN_UNINITIALIZED_AUTOS = YES_AGGRESSIVE;
				GCC_WARN_UNUSED_FUNCTION = YES;
				GCC_WARN_UNUSED_VARIABLE = YES;
				IPHONEOS_DEPLOYMENT_TARGET = 13.1;
				MTL_ENABLE_DEBUG_INFO = INCLUDE_SOURCE;
				MTL_FAST_MATH = YES;
				ONLY_ACTIVE_ARCH = YES;
				SDKROOT = iphoneos;
				SWIFT_ACTIVE_COMPILATION_CONDITIONS = DEBUG;
				SWIFT_OPTIMIZATION_LEVEL = "-Onone";
			};
			name = Debug;
		};
		95C2B4E6236C4E030069864E /* Release */ = {
			isa = XCBuildConfiguration;
			buildSettings = {
				ALWAYS_SEARCH_USER_PATHS = NO;
				CLANG_ANALYZER_NONNULL = YES;
				CLANG_ANALYZER_NUMBER_OBJECT_CONVERSION = YES_AGGRESSIVE;
				CLANG_CXX_LANGUAGE_STANDARD = "gnu++14";
				CLANG_CXX_LIBRARY = "libc++";
				CLANG_ENABLE_MODULES = YES;
				CLANG_ENABLE_OBJC_ARC = YES;
				CLANG_ENABLE_OBJC_WEAK = YES;
				CLANG_WARN_BLOCK_CAPTURE_AUTORELEASING = YES;
				CLANG_WARN_BOOL_CONVERSION = YES;
				CLANG_WARN_COMMA = YES;
				CLANG_WARN_CONSTANT_CONVERSION = YES;
				CLANG_WARN_DEPRECATED_OBJC_IMPLEMENTATIONS = YES;
				CLANG_WARN_DIRECT_OBJC_ISA_USAGE = YES_ERROR;
				CLANG_WARN_DOCUMENTATION_COMMENTS = YES;
				CLANG_WARN_EMPTY_BODY = YES;
				CLANG_WARN_ENUM_CONVERSION = YES;
				CLANG_WARN_INFINITE_RECURSION = YES;
				CLANG_WARN_INT_CONVERSION = YES;
				CLANG_WARN_NON_LITERAL_NULL_CONVERSION = YES;
				CLANG_WARN_OBJC_IMPLICIT_RETAIN_SELF = YES;
				CLANG_WARN_OBJC_LITERAL_CONVERSION = YES;
				CLANG_WARN_OBJC_ROOT_CLASS = YES_ERROR;
				CLANG_WARN_RANGE_LOOP_ANALYSIS = YES;
				CLANG_WARN_STRICT_PROTOTYPES = YES;
				CLANG_WARN_SUSPICIOUS_MOVE = YES;
				CLANG_WARN_UNGUARDED_AVAILABILITY = YES_AGGRESSIVE;
				CLANG_WARN_UNREACHABLE_CODE = YES;
				CLANG_WARN__DUPLICATE_METHOD_MATCH = YES;
				COPY_PHASE_STRIP = NO;
				DEBUG_INFORMATION_FORMAT = "dwarf-with-dsym";
				ENABLE_NS_ASSERTIONS = NO;
				ENABLE_STRICT_OBJC_MSGSEND = YES;
				GCC_C_LANGUAGE_STANDARD = gnu11;
				GCC_NO_COMMON_BLOCKS = YES;
				GCC_WARN_64_TO_32_BIT_CONVERSION = YES;
				GCC_WARN_ABOUT_RETURN_TYPE = YES_ERROR;
				GCC_WARN_UNDECLARED_SELECTOR = YES;
				GCC_WARN_UNINITIALIZED_AUTOS = YES_AGGRESSIVE;
				GCC_WARN_UNUSED_FUNCTION = YES;
				GCC_WARN_UNUSED_VARIABLE = YES;
				IPHONEOS_DEPLOYMENT_TARGET = 13.1;
				MTL_ENABLE_DEBUG_INFO = NO;
				MTL_FAST_MATH = YES;
				SDKROOT = iphoneos;
				SWIFT_COMPILATION_MODE = wholemodule;
				SWIFT_OPTIMIZATION_LEVEL = "-O";
				VALIDATE_PRODUCT = YES;
			};
			name = Release;
		};
		95C2B4E8236C4E030069864E /* Debug */ = {
			isa = XCBuildConfiguration;
			buildSettings = {
				ASSETCATALOG_COMPILER_APPICON_NAME = AppIcon;
				CODE_SIGN_STYLE = Automatic;
				DEVELOPMENT_ASSET_PATHS = "\"WorkingWithHierarchialCodableData/Preview Content\"";
				DEVELOPMENT_TEAM = L8W86DZDY2;
				ENABLE_PREVIEWS = YES;
				INFOPLIST_FILE = WorkingWithHierarchialCodableData/Info.plist;
				LD_RUNPATH_SEARCH_PATHS = (
					"$(inherited)",
					"@executable_path/Frameworks",
				);
				PRODUCT_BUNDLE_IDENTIFIER = com.ri.WorkingWithHierarchialCodableData;
				PRODUCT_NAME = "$(TARGET_NAME)";
				SWIFT_VERSION = 5.0;
				TARGETED_DEVICE_FAMILY = "1,2";
			};
			name = Debug;
		};
		95C2B4E9236C4E030069864E /* Release */ = {
			isa = XCBuildConfiguration;
			buildSettings = {
				ASSETCATALOG_COMPILER_APPICON_NAME = AppIcon;
				CODE_SIGN_STYLE = Automatic;
				DEVELOPMENT_ASSET_PATHS = "\"WorkingWithHierarchialCodableData/Preview Content\"";
				DEVELOPMENT_TEAM = L8W86DZDY2;
				ENABLE_PREVIEWS = YES;
				INFOPLIST_FILE = WorkingWithHierarchialCodableData/Info.plist;
				LD_RUNPATH_SEARCH_PATHS = (
					"$(inherited)",
					"@executable_path/Frameworks",
				);
				PRODUCT_BUNDLE_IDENTIFIER = com.ri.WorkingWithHierarchialCodableData;
				PRODUCT_NAME = "$(TARGET_NAME)";
				SWIFT_VERSION = 5.0;
				TARGETED_DEVICE_FAMILY = "1,2";
			};
			name = Release;
		};
/* End XCBuildConfiguration section */

/* Begin XCConfigurationList section */
		95C2B4CE236C4E020069864E /* Build configuration list for PBXProject "WorkingWithHierarchialCodableData" */ = {
			isa = XCConfigurationList;
			buildConfigurations = (
				95C2B4E5236C4E030069864E /* Debug */,
				95C2B4E6236C4E030069864E /* Release */,
			);
			defaultConfigurationIsVisible = 0;
			defaultConfigurationName = Release;
		};
		95C2B4E7236C4E030069864E /* Build configuration list for PBXNativeTarget "WorkingWithHierarchialCodableData" */ = {
			isa = XCConfigurationList;
			buildConfigurations = (
				95C2B4E8236C4E030069864E /* Debug */,
				95C2B4E9236C4E030069864E /* Release */,
			);
			defaultConfigurationIsVisible = 0;
			defaultConfigurationName = Release;
		};
/* End XCConfigurationList section */
	};
	rootObject = 95C2B4CB236C4E020069864E /* Project object */;
}
